{
  "name": "@fracturedgraphics/bellwether",
  "version": "0.0.0",
  "lockfileVersion": 1,
  "requires": true,
  "dependencies": {
    "@fracturedgraphics/bellwether-styles": {
      "version": "0.1.0",
      "resolved": "https://registry.npmjs.org/@fracturedgraphics/bellwether-styles/-/bellwether-styles-0.1.0.tgz",
      "integrity": "sha512-fohaC92NzHWfkq9LnPMIy/CZUV6bmkmW6dQPwn5ow9FLwu8AK5i9c1Obuzyldp9gkpHfovBXPi3HvsWCm3HEVQ=="
    }
  }
}
