{
  "name": "@fracturedgraphics/bellwether",
  "version": "0.1.0",
  "lockfileVersion": 1,
  "requires": true,
  "dependencies": {
    "@fracturedgraphics/bellwether-components": {
      "version": "0.1.0",
      "resolved": "https://registry.npmjs.org/@fracturedgraphics/bellwether-components/-/bellwether-components-0.1.0.tgz",
      "integrity": "sha512-OJpgm611ULmzwXQXXx6G0SuaWYMHHmY0leqsSEeUm15rgKmqMwOx1lFdjIpj/mRERxs79WYp5wWHdk7/HnyEtQ=="
    },
    "@fracturedgraphics/bellwether-styles": {
      "version": "0.3.1",
      "resolved": "https://registry.npmjs.org/@fracturedgraphics/bellwether-styles/-/bellwether-styles-0.3.1.tgz",
      "integrity": "sha512-m6MO7h2oXN4Indp5nFgv3IPb9CCXvPWZTe6G+z7dwo14d80JW7ymX/fyB00S0VeeOKUbPxmaV9q7lnT4dHgOMg=="
    }
  }
}
